
Microsoft Visual Studio Solution File, Format Version 12.00
# Visual Studio Version 17
VisualStudioVersion = 17.14.36414.22 d17.14
MinimumVisualStudioVersion = 10.0.40219.1
Project("{FAE04EC0-301F-11D3-BF4B-00C04F79EFBC}") = "Chess", "Chess\Chess.csproj", "{20A17EE7-507D-49A0-92D2-DA99B6118C8A}"
EndProject
Global
	GlobalSection(SolutionConfigurationPlatforms) = preSolution
		Debug|Any CPU = Debug|Any CPU
		Release|Any CPU = Release|Any CPU
	EndGlobalSection
	GlobalSection(ProjectConfigurationPlatforms) = postSolution
		{20A17EE7-507D-49A0-92D2-DA99B6118C8A}.Debug|Any CPU.ActiveCfg = Debug|Any CPU
		{20A17EE7-507D-49A0-92D2-DA99B6118C8A}.Debug|Any CPU.Build.0 = Debug|Any CPU
		{20A17EE7-507D-49A0-92D2-DA99B6118C8A}.Release|Any CPU.ActiveCfg = Release|Any CPU
		{20A17EE7-507D-49A0-92D2-DA99B6118C8A}.Release|Any CPU.Build.0 = Release|Any CPU
	EndGlobalSection
	GlobalSection(SolutionProperties) = preSolution
		HideSolutionNode = FALSE
	EndGlobalSection
	GlobalSection(ExtensibilityGlobals) = postSolution
		SolutionGuid = {BE5F203E-C1B9-42BE-B0BD-54B64834E919}
	EndGlobalSection
EndGlobal
